
Microsoft Visual Studio Solution File, Format Version 12.00
# Visual Studio Version 17
VisualStudioVersion = 17.10.34928.147
MinimumVisualStudioVersion = 10.0.40219.1
Project("{9A19103F-16F7-4668-BE54-9A1E7A4F7556}") = "C#_Unit_Testing", "C#_Unit_Testing\C#_Unit_Testing.csproj", "{33A8871A-2100-494A-9404-E5B1DAF728E1}"
EndProject
Project("{FAE04EC0-301F-11D3-BF4B-00C04F79EFBC}") = "C#_Unit_Testing.Test", "C#_Unit_Testing.Test\C#_Unit_Testing.Test.csproj", "{83E91F53-D678-43FD-8699-BA686899FF58}"
EndProject
Project("{FAE04EC0-301F-11D3-BF4B-00C04F79EFBC}") = "StigeSpilletTDD.Test", "StigeSpillet.Test\StigeSpilletTDD.Test.csproj", "{382BEB98-C4AF-4FD1-ACAD-4D5B8DDAAE85}"
EndProject
Project("{FAE04EC0-301F-11D3-BF4B-00C04F79EFBC}") = "StigeSpilletTDD.Main", "StigeSpillet.Main\StigeSpilletTDD.Main.csproj", "{09DDEE2E-2A95-462D-BD64-420478581015}"
EndProject
Global
	GlobalSection(SolutionConfigurationPlatforms) = preSolution
		Debug|Any CPU = Debug|Any CPU
		Release|Any CPU = Release|Any CPU
	EndGlobalSection
	GlobalSection(ProjectConfigurationPlatforms) = postSolution
		{33A8871A-2100-494A-9404-E5B1DAF728E1}.Debug|Any CPU.ActiveCfg = Debug|Any CPU
		{33A8871A-2100-494A-9404-E5B1DAF728E1}.Debug|Any CPU.Build.0 = Debug|Any CPU
		{33A8871A-2100-494A-9404-E5B1DAF728E1}.Release|Any CPU.ActiveCfg = Release|Any CPU
		{33A8871A-2100-494A-9404-E5B1DAF728E1}.Release|Any CPU.Build.0 = Release|Any CPU
		{83E91F53-D678-43FD-8699-BA686899FF58}.Debug|Any CPU.ActiveCfg = Debug|Any CPU
		{83E91F53-D678-43FD-8699-BA686899FF58}.Debug|Any CPU.Build.0 = Debug|Any CPU
		{83E91F53-D678-43FD-8699-BA686899FF58}.Release|Any CPU.ActiveCfg = Release|Any CPU
		{83E91F53-D678-43FD-8699-BA686899FF58}.Release|Any CPU.Build.0 = Release|Any CPU
		{382BEB98-C4AF-4FD1-ACAD-4D5B8DDAAE85}.Debug|Any CPU.ActiveCfg = Debug|Any CPU
		{382BEB98-C4AF-4FD1-ACAD-4D5B8DDAAE85}.Debug|Any CPU.Build.0 = Debug|Any CPU
		{382BEB98-C4AF-4FD1-ACAD-4D5B8DDAAE85}.Release|Any CPU.ActiveCfg = Release|Any CPU
		{382BEB98-C4AF-4FD1-ACAD-4D5B8DDAAE85}.Release|Any CPU.Build.0 = Release|Any CPU
		{09DDEE2E-2A95-462D-BD64-420478581015}.Debug|Any CPU.ActiveCfg = Debug|Any CPU
		{09DDEE2E-2A95-462D-BD64-420478581015}.Debug|Any CPU.Build.0 = Debug|Any CPU
		{09DDEE2E-2A95-462D-BD64-420478581015}.Release|Any CPU.ActiveCfg = Release|Any CPU
		{09DDEE2E-2A95-462D-BD64-420478581015}.Release|Any CPU.Build.0 = Release|Any CPU
	EndGlobalSection
	GlobalSection(SolutionProperties) = preSolution
		HideSolutionNode = FALSE
	EndGlobalSection
	GlobalSection(ExtensibilityGlobals) = postSolution
		SolutionGuid = {5111FA3B-0F4E-4760-9736-36636930E94C}
	EndGlobalSection
EndGlobal
